
Microsoft Visual Studio Solution File, Format Version 12.00
# Visual Studio Version 17
VisualStudioVersion = 17.0.31903.59
MinimumVisualStudioVersion = 10.0.40219.1
Project("{2150E333-8FDC-42A3-9474-1A3956D46DE8}") = "Test", "Test", "{B9E5633D-8A8B-451B-BF11-8476CC54D7CB}"
EndProject
Project("{2150E333-8FDC-42A3-9474-1A3956D46DE8}") = "src", "src", "{79FFC867-FBDA-4E2E-A5FB-FA4EF83D1E97}"
EndProject
Project("{9A19103F-16F7-4668-BE54-9A1E7A4F7556}") = "VCardEncodeDecode", "src\VCardEncodeDecode\VCardEncodeDecode.csproj", "{0397027E-AB35-4382-92C3-182B8B3310E9}"
EndProject
Project("{9A19103F-16F7-4668-BE54-9A1E7A4F7556}") = "VCardEncodeDecode.Test", "Test\VCardEncodeDecode.Test\VCardEncodeDecode.Test.csproj", "{64E03F04-6B88-486D-A4CA-7E24D13F60CA}"
EndProject
Project("{2150E333-8FDC-42A3-9474-1A3956D46DE8}") = "sample", "sample", "{3BB6E5DD-4C45-4673-8D9F-B97D93F459AF}"
EndProject
Project("{9A19103F-16F7-4668-BE54-9A1E7A4F7556}") = "VCardEncodeDecode.Sample", "sample\VCardEncodeDecode.Sample\VCardEncodeDecode.Sample.csproj", "{3744E70C-AD86-47FB-977C-2AEE1900550B}"
EndProject
Global
	GlobalSection(SolutionConfigurationPlatforms) = preSolution
		Debug|Any CPU = Debug|Any CPU
		Release|Any CPU = Release|Any CPU
	EndGlobalSection
	GlobalSection(ProjectConfigurationPlatforms) = postSolution
		{0397027E-AB35-4382-92C3-182B8B3310E9}.Debug|Any CPU.ActiveCfg = Debug|Any CPU
		{0397027E-AB35-4382-92C3-182B8B3310E9}.Debug|Any CPU.Build.0 = Debug|Any CPU
		{0397027E-AB35-4382-92C3-182B8B3310E9}.Release|Any CPU.ActiveCfg = Release|Any CPU
		{0397027E-AB35-4382-92C3-182B8B3310E9}.Release|Any CPU.Build.0 = Release|Any CPU
		{64E03F04-6B88-486D-A4CA-7E24D13F60CA}.Debug|Any CPU.ActiveCfg = Debug|Any CPU
		{64E03F04-6B88-486D-A4CA-7E24D13F60CA}.Debug|Any CPU.Build.0 = Debug|Any CPU
		{64E03F04-6B88-486D-A4CA-7E24D13F60CA}.Release|Any CPU.ActiveCfg = Release|Any CPU
		{64E03F04-6B88-486D-A4CA-7E24D13F60CA}.Release|Any CPU.Build.0 = Release|Any CPU
		{3744E70C-AD86-47FB-977C-2AEE1900550B}.Debug|Any CPU.ActiveCfg = Debug|Any CPU
		{3744E70C-AD86-47FB-977C-2AEE1900550B}.Debug|Any CPU.Build.0 = Debug|Any CPU
		{3744E70C-AD86-47FB-977C-2AEE1900550B}.Release|Any CPU.ActiveCfg = Release|Any CPU
		{3744E70C-AD86-47FB-977C-2AEE1900550B}.Release|Any CPU.Build.0 = Release|Any CPU
	EndGlobalSection
	GlobalSection(SolutionProperties) = preSolution
		HideSolutionNode = FALSE
	EndGlobalSection
	GlobalSection(NestedProjects) = preSolution
		{0397027E-AB35-4382-92C3-182B8B3310E9} = {79FFC867-FBDA-4E2E-A5FB-FA4EF83D1E97}
		{64E03F04-6B88-486D-A4CA-7E24D13F60CA} = {B9E5633D-8A8B-451B-BF11-8476CC54D7CB}
		{3744E70C-AD86-47FB-977C-2AEE1900550B} = {3BB6E5DD-4C45-4673-8D9F-B97D93F459AF}
	EndGlobalSection
	GlobalSection(ExtensibilityGlobals) = postSolution
		SolutionGuid = {A0A660EE-A919-4C1E-9F48-616BF233C965}
	EndGlobalSection
EndGlobal
